// !$*UTF8*$!
{
	archiveVersion = 1;
	classes = {
	};
	objectVersion = 55;
	objects = {

/* Begin PBXBuildFile section */
		9106B09E288430AB002F4DE6 /* AppDelegate.swift in Sources */ = {isa = PBXBuildFile; fileRef = 9106B09D288430AB002F4DE6 /* AppDelegate.swift */; };
		9106B0A0288430AB002F4DE6 /* SceneDelegate.swift in Sources */ = {isa = PBXBuildFile; fileRef = 9106B09F288430AB002F4DE6 /* SceneDelegate.swift */; };
		9106B0A2288430AB002F4DE6 /* ViewController.swift in Sources */ = {isa = PBXBuildFile; fileRef = 9106B0A1288430AB002F4DE6 /* ViewController.swift */; };
		9106B0A5288430AB002F4DE6 /* Main.storyboard in Resources */ = {isa = PBXBuildFile; fileRef = 9106B0A3288430AB002F4DE6 /* Main.storyboard */; };
		9106B0A7288430AC002F4DE6 /* Assets.xcassets in Resources */ = {isa = PBXBuildFile; fileRef = 9106B0A6288430AC002F4DE6 /* Assets.xcassets */; };
		9106B0AA288430AC002F4DE6 /* LaunchScreen.storyboard in Resources */ = {isa = PBXBuildFile; fileRef = 9106B0A8288430AC002F4DE6 /* LaunchScreen.storyboard */; };
		9106B0B9288443B5002F4DE6 /* TimeGridTests.swift in Sources */ = {isa = PBXBuildFile; fileRef = 9106B0B8288443B5002F4DE6 /* TimeGridTests.swift */; };
/* End PBXBuildFile section */

/* Begin PBXContainerItemProxy section */
		9106B0BA288443B5002F4DE6 /* PBXContainerItemProxy */ = {
			isa = PBXContainerItemProxy;
			containerPortal = 9106B092288430AB002F4DE6 /* Project object */;
			proxyType = 1;
			remoteGlobalIDString = 9106B099288430AB002F4DE6;
			remoteInfo = TimeGrid;
		};
/* End PBXContainerItemProxy section */

/* Begin PBXFileReference section */
		9106B09A288430AB002F4DE6 /* TimeGrid.app */ = {isa = PBXFileReference; explicitFileType = wrapper.application; includeInIndex = 0; path = TimeGrid.app; sourceTree = BUILT_PRODUCTS_DIR; };
		9106B09D288430AB002F4DE6 /* AppDelegate.swift */ = {isa = PBXFileReference; lastKnownFileType = sourcecode.swift; path = AppDelegate.swift; sourceTree = "<group>"; };
		9106B09F288430AB002F4DE6 /* SceneDelegate.swift */ = {isa = PBXFileReference; lastKnownFileType = sourcecode.swift; path = SceneDelegate.swift; sourceTree = "<group>"; };
		9106B0A1288430AB002F4DE6 /* ViewController.swift */ = {isa = PBXFileReference; lastKnownFileType = sourcecode.swift; path = ViewController.swift; sourceTree = "<group>"; };
		9106B0A4288430AB002F4DE6 /* Base */ = {isa = PBXFileReference; lastKnownFileType = file.storyboard; name = Base; path = Base.lproj/Main.storyboard; sourceTree = "<group>"; };
		9106B0A6288430AC002F4DE6 /* Assets.xcassets */ = {isa = PBXFileReference; lastKnownFileType = folder.assetcatalog; path = Assets.xcassets; sourceTree = "<group>"; };
		9106B0A9288430AC002F4DE6 /* Base */ = {isa = PBXFileReference; lastKnownFileType = file.storyboard; name = Base; path = Base.lproj/LaunchScreen.storyboard; sourceTree = "<group>"; };
		9106B0AB288430AC002F4DE6 /* Info.plist */ = {isa = PBXFileReference; lastKnownFileType = text.plist.xml; path = Info.plist; sourceTree = "<group>"; };
		9106B0B6288443B5002F4DE6 /* TimeGridTests.xctest */ = {isa = PBXFileReference; explicitFileType = wrapper.cfbundle; includeInIndex = 0; path = TimeGridTests.xctest; sourceTree = BUILT_PRODUCTS_DIR; };
		9106B0B8288443B5002F4DE6 /* TimeGridTests.swift */ = {isa = PBXFileReference; lastKnownFileType = sourcecode.swift; path = TimeGridTests.swift; sourceTree = "<group>"; };
/* End PBXFileReference section */

/* Begin PBXFrameworksBuildPhase section */
		9106B097288430AB002F4DE6 /* Frameworks */ = {
			isa = PBXFrameworksBuildPhase;
			buildActionMask = 2147483647;
			files = (
			);
			runOnlyForDeploymentPostprocessing = 0;
		};
		9106B0B3288443B5002F4DE6 /* Frameworks */ = {
			isa = PBXFrameworksBuildPhase;
			buildActionMask = 2147483647;
			files = (
			);
			runOnlyForDeploymentPostprocessing = 0;
		};
/* End PBXFrameworksBuildPhase section */

/* Begin PBXGroup section */
		9105CC4928847F6400B85C56 /* TimeGrid */ = {
			isa = PBXGroup;
			children = (
				9106B09C288430AB002F4DE6 /* Sources */,
				9106B0C628847BB3002F4DE6 /* Resources */,
			);
			path = TimeGrid;
			sourceTree = "<group>";
		};
		9106B091288430AB002F4DE6 = {
			isa = PBXGroup;
			children = (
				9105CC4928847F6400B85C56 /* TimeGrid */,
				9106B0B7288443B5002F4DE6 /* TimeGridTests */,
				9106B09B288430AB002F4DE6 /* Products */,
			);
			sourceTree = "<group>";
		};
		9106B09B288430AB002F4DE6 /* Products */ = {
			isa = PBXGroup;
			children = (
				9106B09A288430AB002F4DE6 /* TimeGrid.app */,
				9106B0B6288443B5002F4DE6 /* TimeGridTests.xctest */,
			);
			name = Products;
			sourceTree = "<group>";
		};
		9106B09C288430AB002F4DE6 /* Sources */ = {
			isa = PBXGroup;
			children = (
				9106B09D288430AB002F4DE6 /* AppDelegate.swift */,
				9106B09F288430AB002F4DE6 /* SceneDelegate.swift */,
				9106B0A1288430AB002F4DE6 /* ViewController.swift */,
			);
			path = Sources;
			sourceTree = "<group>";
		};
		9106B0B7288443B5002F4DE6 /* TimeGridTests */ = {
			isa = PBXGroup;
			children = (
				9106B0B8288443B5002F4DE6 /* TimeGridTests.swift */,
			);
			path = TimeGridTests;
			sourceTree = "<group>";
		};
		9106B0C628847BB3002F4DE6 /* Resources */ = {
			isa = PBXGroup;
			children = (
				9106B0AB288430AC002F4DE6 /* Info.plist */,
				9106B0A3288430AB002F4DE6 /* Main.storyboard */,
				9106B0A6288430AC002F4DE6 /* Assets.xcassets */,
				9106B0A8288430AC002F4DE6 /* LaunchScreen.storyboard */,
			);
			path = Resources;
			sourceTree = "<group>";
		};
/* End PBXGroup section */

/* Begin PBXNativeTarget section */
		9106B099288430AB002F4DE6 /* TimeGrid */ = {
			isa = PBXNativeTarget;
			buildConfigurationList = 9106B0AE288430AC002F4DE6 /* Build configuration list for PBXNativeTarget "TimeGrid" */;
			buildPhases = (
				9106B0B12884380A002F4DE6 /* ShellScript */,
				9106B096288430AB002F4DE6 /* Sources */,
				9106B097288430AB002F4DE6 /* Frameworks */,
				9106B098288430AB002F4DE6 /* Resources */,
			);
			buildRules = (
			);
			dependencies = (
			);
			name = TimeGrid;
			productName = TimeGrid;
			productReference = 9106B09A288430AB002F4DE6 /* TimeGrid.app */;
			productType = "com.apple.product-type.application";
		};
		9106B0B5288443B5002F4DE6 /* TimeGridTests */ = {
			isa = PBXNativeTarget;
			buildConfigurationList = 9106B0BC288443B5002F4DE6 /* Build configuration list for PBXNativeTarget "TimeGridTests" */;
			buildPhases = (
				9106B0B2288443B5002F4DE6 /* Sources */,
				9106B0B3288443B5002F4DE6 /* Frameworks */,
				9106B0B4288443B5002F4DE6 /* Resources */,
			);
			buildRules = (
			);
			dependencies = (
				9106B0BB288443B5002F4DE6 /* PBXTargetDependency */,
			);
			name = TimeGridTests;
			productName = TimeGridTests;
			productReference = 9106B0B6288443B5002F4DE6 /* TimeGridTests.xctest */;
			productType = "com.apple.product-type.bundle.unit-test";
		};
/* End PBXNativeTarget section */

/* Begin PBXProject section */
		9106B092288430AB002F4DE6 /* Project object */ = {
			isa = PBXProject;
			attributes = {
				BuildIndependentTargetsInParallel = 1;
				LastSwiftUpdateCheck = 1330;
				LastUpgradeCheck = 1330;
				TargetAttributes = {
					9106B099288430AB002F4DE6 = {
						CreatedOnToolsVersion = 13.3.1;
					};
					9106B0B5288443B5002F4DE6 = {
						CreatedOnToolsVersion = 13.3.1;
						TestTargetID = 9106B099288430AB002F4DE6;
					};
				};
			};
			buildConfigurationList = 9106B095288430AB002F4DE6 /* Build configuration list for PBXProject "TimeGrid" */;
			compatibilityVersion = "Xcode 13.0";
			developmentRegion = en;
			hasScannedForEncodings = 0;
			knownRegions = (
				en,
				Base,
			);
			mainGroup = 9106B091288430AB002F4DE6;
			productRefGroup = 9106B09B288430AB002F4DE6 /* Products */;
			projectDirPath = "";
			projectRoot = "";
			targets = (
				9106B099288430AB002F4DE6 /* TimeGrid */,
				9106B0B5288443B5002F4DE6 /* TimeGridTests */,
			);
		};
/* End PBXProject section */

/* Begin PBXResourcesBuildPhase section */
		9106B098288430AB002F4DE6 /* Resources */ = {
			isa = PBXResourcesBuildPhase;
			buildActionMask = 2147483647;
			files = (
				9106B0AA288430AC002F4DE6 /* LaunchScreen.storyboard in Resources */,
				9106B0A7288430AC002F4DE6 /* Assets.xcassets in Resources */,
				9106B0A5288430AB002F4DE6 /* Main.storyboard in Resources */,
			);
			runOnlyForDeploymentPostprocessing = 0;
		};
		9106B0B4288443B5002F4DE6 /* Resources */ = {
			isa = PBXResourcesBuildPhase;
			buildActionMask = 2147483647;
			files = (
			);
			runOnlyForDeploymentPostprocessing = 0;
		};
/* End PBXResourcesBuildPhase section */

/* Begin PBXShellScriptBuildPhase section */
		9106B0B12884380A002F4DE6 /* ShellScript */ = {
			isa = PBXShellScriptBuildPhase;
			buildActionMask = 2147483647;
			files = (
			);
			inputFileListPaths = (
			);
			inputPaths = (
			);
			outputFileListPaths = (
			);
			outputPaths = (
			);
			runOnlyForDeploymentPostprocessing = 0;
			shellPath = /bin/sh;
			shellScript = "export PATH=\"$PATH:/opt/homebrew/bin\"\n\nif which swiftlint > /dev/null; then\n  swiftlint --config $SRCROOT/.swiftlint.yml\nelse\n  echo \"warning: SwiftLint not installed, download from https://github.com/realm/SwiftLint\"\nfi\n";
		};
/* End PBXShellScriptBuildPhase section */

/* Begin PBXSourcesBuildPhase section */
		9106B096288430AB002F4DE6 /* Sources */ = {
			isa = PBXSourcesBuildPhase;
			buildActionMask = 2147483647;
			files = (
				9106B0A2288430AB002F4DE6 /* ViewController.swift in Sources */,
				9106B09E288430AB002F4DE6 /* AppDelegate.swift in Sources */,
				9106B0A0288430AB002F4DE6 /* SceneDelegate.swift in Sources */,
			);
			runOnlyForDeploymentPostprocessing = 0;
		};
		9106B0B2288443B5002F4DE6 /* Sources */ = {
			isa = PBXSourcesBuildPhase;
			buildActionMask = 2147483647;
			files = (
				9106B0B9288443B5002F4DE6 /* TimeGridTests.swift in Sources */,
			);
			runOnlyForDeploymentPostprocessing = 0;
		};
/* End PBXSourcesBuildPhase section */

/* Begin PBXTargetDependency section */
		9106B0BB288443B5002F4DE6 /* PBXTargetDependency */ = {
			isa = PBXTargetDependency;
			target = 9106B099288430AB002F4DE6 /* TimeGrid */;
			targetProxy = 9106B0BA288443B5002F4DE6 /* PBXContainerItemProxy */;
		};
/* End PBXTargetDependency section */

/* Begin PBXVariantGroup section */
		9106B0A3288430AB002F4DE6 /* Main.storyboard */ = {
			isa = PBXVariantGroup;
			children = (
				9106B0A4288430AB002F4DE6 /* Base */,
			);
			name = Main.storyboard;
			sourceTree = "<group>";
		};
		9106B0A8288430AC002F4DE6 /* LaunchScreen.storyboard */ = {
			isa = PBXVariantGroup;
			children = (
				9106B0A9288430AC002F4DE6 /* Base */,
			);
			name = LaunchScreen.storyboard;
			sourceTree = "<group>";
		};
/* End PBXVariantGroup section */

/* Begin XCBuildConfiguration section */
		9106B0AC288430AC002F4DE6 /* Debug */ = {
			isa = XCBuildConfiguration;
			buildSettings = {
				ALWAYS_SEARCH_USER_PATHS = NO;
				CLANG_ANALYZER_NONNULL = YES;
				CLANG_ANALYZER_NUMBER_OBJECT_CONVERSION = YES_AGGRESSIVE;
				CLANG_CXX_LANGUAGE_STANDARD = "gnu++17";
				CLANG_ENABLE_MODULES = YES;
				CLANG_ENABLE_OBJC_ARC = YES;
				CLANG_ENABLE_OBJC_WEAK = YES;
				CLANG_WARN_BLOCK_CAPTURE_AUTORELEASING = YES;
				CLANG_WARN_BOOL_CONVERSION = YES;
				CLANG_WARN_COMMA = YES;
				CLANG_WARN_CONSTANT_CONVERSION = YES;
				CLANG_WARN_DEPRECATED_OBJC_IMPLEMENTATIONS = YES;
				CLANG_WARN_DIRECT_OBJC_ISA_USAGE = YES_ERROR;
				CLANG_WARN_DOCUMENTATION_COMMENTS = YES;
				CLANG_WARN_EMPTY_BODY = YES;
				CLANG_WARN_ENUM_CONVERSION = YES;
				CLANG_WARN_INFINITE_RECURSION = YES;
				CLANG_WARN_INT_CONVERSION = YES;
				CLANG_WARN_NON_LITERAL_NULL_CONVERSION = YES;
				CLANG_WARN_OBJC_IMPLICIT_RETAIN_SELF = YES;
				CLANG_WARN_OBJC_LITERAL_CONVERSION = YES;
				CLANG_WARN_OBJC_ROOT_CLASS = YES_ERROR;
				CLANG_WARN_QUOTED_INCLUDE_IN_FRAMEWORK_HEADER = YES;
				CLANG_WARN_RANGE_LOOP_ANALYSIS = YES;
				CLANG_WARN_STRICT_PROTOTYPES = YES;
				CLANG_WARN_SUSPICIOUS_MOVE = YES;
				CLANG_WARN_UNGUARDED_AVAILABILITY = YES_AGGRESSIVE;
				CLANG_WARN_UNREACHABLE_CODE = YES;
				CLANG_WARN__DUPLICATE_METHOD_MATCH = YES;
				COPY_PHASE_STRIP = NO;
				DEBUG_INFORMATION_FORMAT = dwarf;
				ENABLE_STRICT_OBJC_MSGSEND = YES;
				ENABLE_TESTABILITY = YES;
				GCC_C_LANGUAGE_STANDARD = gnu11;
				GCC_DYNAMIC_NO_PIC = NO;
				GCC_NO_COMMON_BLOCKS = YES;
				GCC_OPTIMIZATION_LEVEL = 0;
				GCC_PREPROCESSOR_DEFINITIONS = (
					"DEBUG=1",
					"$(inherited)",
				);
				GCC_WARN_64_TO_32_BIT_CONVERSION = YES;
				GCC_WARN_ABOUT_RETURN_TYPE = YES_ERROR;
				GCC_WARN_UNDECLARED_SELECTOR = YES;
				GCC_WARN_UNINITIALIZED_AUTOS = YES_AGGRESSIVE;
				GCC_WARN_UNUSED_FUNCTION = YES;
				GCC_WARN_UNUSED_VARIABLE = YES;
				INFOPLIST_FILE = "$(SRCROOT)/TimeGrid/Resources/Info.plist";
				INFOPLIST_KEY_UIMainStoryboardFile = Main;
				IPHONEOS_DEPLOYMENT_TARGET = 14.0;
				MTL_ENABLE_DEBUG_INFO = INCLUDE_SOURCE;
				MTL_FAST_MATH = YES;
				ONLY_ACTIVE_ARCH = YES;
				SDKROOT = iphoneos;
				SWIFT_ACTIVE_COMPILATION_CONDITIONS = DEBUG;
				SWIFT_OPTIMIZATION_LEVEL = "-Onone";
			};
			name = Debug;
		};
		9106B0AD288430AC002F4DE6 /* Release */ = {
			isa = XCBuildConfiguration;
			buildSettings = {
				ALWAYS_SEARCH_USER_PATHS = NO;
				CLANG_ANALYZER_NONNULL = YES;
				CLANG_ANALYZER_NUMBER_OBJECT_CONVERSION = YES_AGGRESSIVE;
				CLANG_CXX_LANGUAGE_STANDARD = "gnu++17";
				CLANG_ENABLE_MODULES = YES;
				CLANG_ENABLE_OBJC_ARC = YES;
				CLANG_ENABLE_OBJC_WEAK = YES;
				CLANG_WARN_BLOCK_CAPTURE_AUTORELEASING = YES;
				CLANG_WARN_BOOL_CONVERSION = YES;
				CLANG_WARN_COMMA = YES;
				CLANG_WARN_CONSTANT_CONVERSION = YES;
				CLANG_WARN_DEPRECATED_OBJC_IMPLEMENTATIONS = YES;
				CLANG_WARN_DIRECT_OBJC_ISA_USAGE = YES_ERROR;
				CLANG_WARN_DOCUMENTATION_COMMENTS = YES;
				CLANG_WARN_EMPTY_BODY = YES;
				CLANG_WARN_ENUM_CONVERSION = YES;
				CLANG_WARN_INFINITE_RECURSION = YES;
				CLANG_WARN_INT_CONVERSION = YES;
				CLANG_WARN_NON_LITERAL_NULL_CONVERSION = YES;
				CLANG_WARN_OBJC_IMPLICIT_RETAIN_SELF = YES;
				CLANG_WARN_OBJC_LITERAL_CONVERSION = YES;
				CLANG_WARN_OBJC_ROOT_CLASS = YES_ERROR;
				CLANG_WARN_QUOTED_INCLUDE_IN_FRAMEWORK_HEADER = YES;
				CLANG_WARN_RANGE_LOOP_ANALYSIS = YES;
				CLANG_WARN_STRICT_PROTOTYPES = YES;
				CLANG_WARN_SUSPICIOUS_MOVE = YES;
				CLANG_WARN_UNGUARDED_AVAILABILITY = YES_AGGRESSIVE;
				CLANG_WARN_UNREACHABLE_CODE = YES;
				CLANG_WARN__DUPLICATE_METHOD_MATCH = YES;
				COPY_PHASE_STRIP = NO;
				DEBUG_INFORMATION_FORMAT = "dwarf-with-dsym";
				ENABLE_NS_ASSERTIONS = NO;
				ENABLE_STRICT_OBJC_MSGSEND = YES;
				GCC_C_LANGUAGE_STANDARD = gnu11;
				GCC_NO_COMMON_BLOCKS = YES;
				GCC_WARN_64_TO_32_BIT_CONVERSION = YES;
				GCC_WARN_ABOUT_RETURN_TYPE = YES_ERROR;
				GCC_WARN_UNDECLARED_SELECTOR = YES;
				GCC_WARN_UNINITIALIZED_AUTOS = YES_AGGRESSIVE;
				GCC_WARN_UNUSED_FUNCTION = YES;
				GCC_WARN_UNUSED_VARIABLE = YES;
				INFOPLIST_FILE = "$(SRCROOT)/TimeGrid/Resources/Info.plist";
				INFOPLIST_KEY_UIMainStoryboardFile = Main;
				IPHONEOS_DEPLOYMENT_TARGET = 14.0;
				MTL_ENABLE_DEBUG_INFO = NO;
				MTL_FAST_MATH = YES;
				SDKROOT = iphoneos;
				SWIFT_COMPILATION_MODE = wholemodule;
				SWIFT_OPTIMIZATION_LEVEL = "-O";
				VALIDATE_PRODUCT = YES;
			};
			name = Release;
		};
		9106B0AF288430AC002F4DE6 /* Debug */ = {
			isa = XCBuildConfiguration;
			buildSettings = {
				ASSETCATALOG_COMPILER_APPICON_NAME = AppIcon;
				ASSETCATALOG_COMPILER_GLOBAL_ACCENT_COLOR_NAME = AccentColor;
				CODE_SIGN_STYLE = Automatic;
				CURRENT_PROJECT_VERSION = 1;
				DEVELOPMENT_TEAM = 6TZ3T94CD5;
				GENERATE_INFOPLIST_FILE = YES;
				INFOPLIST_FILE = "$(SRCROOT)/TimeGrid/Resources/Info.plist";
				INFOPLIST_KEY_CFBundleDisplayName = "Time Grid";
				INFOPLIST_KEY_UIApplicationSupportsIndirectInputEvents = YES;
				INFOPLIST_KEY_UILaunchStoryboardName = LaunchScreen;
				INFOPLIST_KEY_UIMainStoryboardFile = Main;
				INFOPLIST_KEY_UISupportedInterfaceOrientations_iPad = "UIInterfaceOrientationPortrait UIInterfaceOrientationPortraitUpsideDown UIInterfaceOrientationLandscapeLeft UIInterfaceOrientationLandscapeRight";
				INFOPLIST_KEY_UISupportedInterfaceOrientations_iPhone = "UIInterfaceOrientationPortrait UIInterfaceOrientationLandscapeLeft UIInterfaceOrientationLandscapeRight";
				LD_RUNPATH_SEARCH_PATHS = (
					"$(inherited)",
					"@executable_path/Frameworks",
				);
				MARKETING_VERSION = 0.0.1;
				PRODUCT_BUNDLE_IDENTIFIER = dev.flexj.timegrid;
				PRODUCT_NAME = "$(TARGET_NAME)";
				SWIFT_EMIT_LOC_STRINGS = YES;
				SWIFT_VERSION = 5.0;
				TARGETED_DEVICE_FAMILY = "1,2";
			};
			name = Debug;
		};
		9106B0B0288430AC002F4DE6 /* Release */ = {
			isa = XCBuildConfiguration;
			buildSettings = {
				ASSETCATALOG_COMPILER_APPICON_NAME = AppIcon;
				ASSETCATALOG_COMPILER_GLOBAL_ACCENT_COLOR_NAME = AccentColor;
				CODE_SIGN_STYLE = Automatic;
				CURRENT_PROJECT_VERSION = 1;
				DEVELOPMENT_TEAM = 6TZ3T94CD5;
				GENERATE_INFOPLIST_FILE = YES;
				INFOPLIST_FILE = "$(SRCROOT)/TimeGrid/Resources/Info.plist";
				INFOPLIST_KEY_CFBundleDisplayName = "Time Grid";
				INFOPLIST_KEY_UIApplicationSupportsIndirectInputEvents = YES;
				INFOPLIST_KEY_UILaunchStoryboardName = LaunchScreen;
				INFOPLIST_KEY_UIMainStoryboardFile = Main;
				INFOPLIST_KEY_UISupportedInterfaceOrientations_iPad = "UIInterfaceOrientationPortrait UIInterfaceOrientationPortraitUpsideDown UIInterfaceOrientationLandscapeLeft UIInterfaceOrientationLandscapeRight";
				INFOPLIST_KEY_UISupportedInterfaceOrientations_iPhone = "UIInterfaceOrientationPortrait UIInterfaceOrientationLandscapeLeft UIInterfaceOrientationLandscapeRight";
				LD_RUNPATH_SEARCH_PATHS = (
					"$(inherited)",
					"@executable_path/Frameworks",
				);
				MARKETING_VERSION = 0.0.1;
				PRODUCT_BUNDLE_IDENTIFIER = dev.flexj.timegrid;
				PRODUCT_NAME = "$(TARGET_NAME)";
				SWIFT_EMIT_LOC_STRINGS = YES;
				SWIFT_VERSION = 5.0;
				TARGETED_DEVICE_FAMILY = "1,2";
			};
			name = Release;
		};
		9106B0BD288443B5002F4DE6 /* Debug */ = {
			isa = XCBuildConfiguration;
			buildSettings = {
				BUNDLE_LOADER = "$(TEST_HOST)";
				CODE_SIGN_STYLE = Automatic;
				CURRENT_PROJECT_VERSION = 1;
				DEVELOPMENT_TEAM = 6TZ3T94CD5;
				GENERATE_INFOPLIST_FILE = YES;
				IPHONEOS_DEPLOYMENT_TARGET = 14.0;
				MARKETING_VERSION = 1.0;
				PRODUCT_BUNDLE_IDENTIFIER = dev.flexj.TimeGridTests;
				PRODUCT_NAME = "$(TARGET_NAME)";
				SWIFT_EMIT_LOC_STRINGS = NO;
				SWIFT_VERSION = 5.0;
				TARGETED_DEVICE_FAMILY = "1,2";
				TEST_HOST = "$(BUILT_PRODUCTS_DIR)/TimeGrid.app/TimeGrid";
				TVOS_DEPLOYMENT_TARGET = 14.0;
			};
			name = Debug;
		};
		9106B0BE288443B5002F4DE6 /* Release */ = {
			isa = XCBuildConfiguration;
			buildSettings = {
				BUNDLE_LOADER = "$(TEST_HOST)";
				CODE_SIGN_STYLE = Automatic;
				CURRENT_PROJECT_VERSION = 1;
				DEVELOPMENT_TEAM = 6TZ3T94CD5;
				GENERATE_INFOPLIST_FILE = YES;
				IPHONEOS_DEPLOYMENT_TARGET = 14.0;
				MARKETING_VERSION = 1.0;
				PRODUCT_BUNDLE_IDENTIFIER = dev.flexj.TimeGridTests;
				PRODUCT_NAME = "$(TARGET_NAME)";
				SWIFT_EMIT_LOC_STRINGS = NO;
				SWIFT_VERSION = 5.0;
				TARGETED_DEVICE_FAMILY = "1,2";
				TEST_HOST = "$(BUILT_PRODUCTS_DIR)/TimeGrid.app/TimeGrid";
				TVOS_DEPLOYMENT_TARGET = 14.0;
			};
			name = Release;
		};
/* End XCBuildConfiguration section */

/* Begin XCConfigurationList section */
		9106B095288430AB002F4DE6 /* Build configuration list for PBXProject "TimeGrid" */ = {
			isa = XCConfigurationList;
			buildConfigurations = (
				9106B0AC288430AC002F4DE6 /* Debug */,
				9106B0AD288430AC002F4DE6 /* Release */,
			);
			defaultConfigurationIsVisible = 0;
			defaultConfigurationName = Release;
		};
		9106B0AE288430AC002F4DE6 /* Build configuration list for PBXNativeTarget "TimeGrid" */ = {
			isa = XCConfigurationList;
			buildConfigurations = (
				9106B0AF288430AC002F4DE6 /* Debug */,
				9106B0B0288430AC002F4DE6 /* Release */,
			);
			defaultConfigurationIsVisible = 0;
			defaultConfigurationName = Release;
		};
		9106B0BC288443B5002F4DE6 /* Build configuration list for PBXNativeTarget "TimeGridTests" */ = {
			isa = XCConfigurationList;
			buildConfigurations = (
				9106B0BD288443B5002F4DE6 /* Debug */,
				9106B0BE288443B5002F4DE6 /* Release */,
			);
			defaultConfigurationIsVisible = 0;
			defaultConfigurationName = Release;
		};
/* End XCConfigurationList section */
	};
	rootObject = 9106B092288430AB002F4DE6 /* Project object */;
}
